
Microsoft Visual Studio Solution File, Format Version 12.00
# Visual Studio Version 17
VisualStudioVersion = 17.5.33627.172
MinimumVisualStudioVersion = 10.0.40219.1
Project("{FAE04EC0-301F-11D3-BF4B-00C04F79EFBC}") = "Hello", "Hello\Hello.csproj", "{5D8D8CE7-D341-43C3-8484-2342C72CDBDB}"
EndProject
Global
	GlobalSection(SolutionConfigurationPlatforms) = preSolution
		Debug|Any CPU = Debug|Any CPU
		Release|Any CPU = Release|Any CPU
	EndGlobalSection
	GlobalSection(ProjectConfigurationPlatforms) = postSolution
		{5D8D8CE7-D341-43C3-8484-2342C72CDBDB}.Debug|Any CPU.ActiveCfg = Debug|Any CPU
		{5D8D8CE7-D341-43C3-8484-2342C72CDBDB}.Debug|Any CPU.Build.0 = Debug|Any CPU
		{5D8D8CE7-D341-43C3-8484-2342C72CDBDB}.Release|Any CPU.ActiveCfg = Release|Any CPU
		{5D8D8CE7-D341-43C3-8484-2342C72CDBDB}.Release|Any CPU.Build.0 = Release|Any CPU
	EndGlobalSection
	GlobalSection(SolutionProperties) = preSolution
		HideSolutionNode = FALSE
	EndGlobalSection
	GlobalSection(ExtensibilityGlobals) = postSolution
		SolutionGuid = {2BF23E64-38E9-426C-ADF0-6D060A3BDABC}
	EndGlobalSection
EndGlobal
